
Microsoft Visual Studio Solution File, Format Version 12.00
# Visual Studio 15
VisualStudioVersion = 15.0.27428.2002
MinimumVisualStudioVersion = 10.0.40219.1
Project("{F184B08F-C81C-45F6-A57F-5ABD9991F28F}") = "CGPA_Calculator", "CGPA_Calculator\CGPA_Calculator.vbproj", "{3E3609CF-58EB-44FA-A334-A1EA62A240B8}"
EndProject
Global
	GlobalSection(SolutionConfigurationPlatforms) = preSolution
		Debug|Any CPU = Debug|Any CPU
		Release|Any CPU = Release|Any CPU
	EndGlobalSection
	GlobalSection(ProjectConfigurationPlatforms) = postSolution
		{3E3609CF-58EB-44FA-A334-A1EA62A240B8}.Debug|Any CPU.ActiveCfg = Debug|Any CPU
		{3E3609CF-58EB-44FA-A334-A1EA62A240B8}.Debug|Any CPU.Build.0 = Debug|Any CPU
		{3E3609CF-58EB-44FA-A334-A1EA62A240B8}.Release|Any CPU.ActiveCfg = Release|Any CPU
		{3E3609CF-58EB-44FA-A334-A1EA62A240B8}.Release|Any CPU.Build.0 = Release|Any CPU
	EndGlobalSection
	GlobalSection(SolutionProperties) = preSolution
		HideSolutionNode = FALSE
	EndGlobalSection
	GlobalSection(ExtensibilityGlobals) = postSolution
		SolutionGuid = {47A9B75B-58A4-41A0-97C4-B8B1B015526A}
	EndGlobalSection
EndGlobal
